
Microsoft Visual Studio Solution File, Format Version 12.00
# Visual Studio 2012
Project("{FAE04EC0-301F-11D3-BF4B-00C04F79EFBC}") = "Izmir", "Izmir\Izmir.csproj", "{1F51D773-E56D-4534-BBB6-C5681E42BC10}"
EndProject
Project("{FAE04EC0-301F-11D3-BF4B-00C04F79EFBC}") = "İzmir 2015", "iOS\İzmir 2015.csproj", "{17902124-D536-4C70-AB81-A7D2BC2D25C3}"
EndProject
Project("{FAE04EC0-301F-11D3-BF4B-00C04F79EFBC}") = "İzmir 2015", "Droid\İzmir 2015.csproj", "{526D57CE-8769-4A78-8B68-E5B224B2E516}"
EndProject
Global
	GlobalSection(SolutionConfigurationPlatforms) = preSolution
		Debug|Any CPU = Debug|Any CPU
		Release|Any CPU = Release|Any CPU
		Debug|iPhoneSimulator = Debug|iPhoneSimulator
		Release|iPhoneSimulator = Release|iPhoneSimulator
		Debug|iPhone = Debug|iPhone
		Release|iPhone = Release|iPhone
		Ad-Hoc|iPhone = Ad-Hoc|iPhone
		AppStore|iPhone = AppStore|iPhone
	EndGlobalSection
	GlobalSection(ProjectConfigurationPlatforms) = postSolution
		{17902124-D536-4C70-AB81-A7D2BC2D25C3}.Ad-Hoc|iPhone.ActiveCfg = Ad-Hoc|iPhone
		{17902124-D536-4C70-AB81-A7D2BC2D25C3}.Ad-Hoc|iPhone.Build.0 = Ad-Hoc|iPhone
		{17902124-D536-4C70-AB81-A7D2BC2D25C3}.AppStore|iPhone.ActiveCfg = AppStore|iPhone
		{17902124-D536-4C70-AB81-A7D2BC2D25C3}.AppStore|iPhone.Build.0 = AppStore|iPhone
		{17902124-D536-4C70-AB81-A7D2BC2D25C3}.Debug|Any CPU.ActiveCfg = Debug|iPhoneSimulator
		{17902124-D536-4C70-AB81-A7D2BC2D25C3}.Debug|Any CPU.Build.0 = Debug|iPhoneSimulator
		{17902124-D536-4C70-AB81-A7D2BC2D25C3}.Debug|iPhone.ActiveCfg = Debug|iPhone
		{17902124-D536-4C70-AB81-A7D2BC2D25C3}.Debug|iPhone.Build.0 = Debug|iPhone
		{17902124-D536-4C70-AB81-A7D2BC2D25C3}.Debug|iPhoneSimulator.ActiveCfg = Debug|iPhoneSimulator
		{17902124-D536-4C70-AB81-A7D2BC2D25C3}.Debug|iPhoneSimulator.Build.0 = Debug|iPhoneSimulator
		{17902124-D536-4C70-AB81-A7D2BC2D25C3}.Release|Any CPU.ActiveCfg = Release|iPhoneSimulator
		{17902124-D536-4C70-AB81-A7D2BC2D25C3}.Release|Any CPU.Build.0 = Release|iPhoneSimulator
		{17902124-D536-4C70-AB81-A7D2BC2D25C3}.Release|iPhone.ActiveCfg = Release|iPhone
		{17902124-D536-4C70-AB81-A7D2BC2D25C3}.Release|iPhone.Build.0 = Release|iPhone
		{17902124-D536-4C70-AB81-A7D2BC2D25C3}.Release|iPhoneSimulator.ActiveCfg = Release|iPhoneSimulator
		{17902124-D536-4C70-AB81-A7D2BC2D25C3}.Release|iPhoneSimulator.Build.0 = Release|iPhoneSimulator
		{1F51D773-E56D-4534-BBB6-C5681E42BC10}.Ad-Hoc|iPhone.ActiveCfg = Debug|Any CPU
		{1F51D773-E56D-4534-BBB6-C5681E42BC10}.Ad-Hoc|iPhone.Build.0 = Debug|Any CPU
		{1F51D773-E56D-4534-BBB6-C5681E42BC10}.AppStore|iPhone.ActiveCfg = Debug|Any CPU
		{1F51D773-E56D-4534-BBB6-C5681E42BC10}.AppStore|iPhone.Build.0 = Debug|Any CPU
		{1F51D773-E56D-4534-BBB6-C5681E42BC10}.Debug|Any CPU.ActiveCfg = Debug|Any CPU
		{1F51D773-E56D-4534-BBB6-C5681E42BC10}.Debug|Any CPU.Build.0 = Debug|Any CPU
		{1F51D773-E56D-4534-BBB6-C5681E42BC10}.Debug|iPhone.ActiveCfg = Debug|Any CPU
		{1F51D773-E56D-4534-BBB6-C5681E42BC10}.Debug|iPhone.Build.0 = Debug|Any CPU
		{1F51D773-E56D-4534-BBB6-C5681E42BC10}.Debug|iPhoneSimulator.ActiveCfg = Debug|Any CPU
		{1F51D773-E56D-4534-BBB6-C5681E42BC10}.Debug|iPhoneSimulator.Build.0 = Debug|Any CPU
		{1F51D773-E56D-4534-BBB6-C5681E42BC10}.Release|Any CPU.ActiveCfg = Release|Any CPU
		{1F51D773-E56D-4534-BBB6-C5681E42BC10}.Release|Any CPU.Build.0 = Release|Any CPU
		{1F51D773-E56D-4534-BBB6-C5681E42BC10}.Release|iPhone.ActiveCfg = Release|Any CPU
		{1F51D773-E56D-4534-BBB6-C5681E42BC10}.Release|iPhone.Build.0 = Release|Any CPU
		{1F51D773-E56D-4534-BBB6-C5681E42BC10}.Release|iPhoneSimulator.ActiveCfg = Release|Any CPU
		{1F51D773-E56D-4534-BBB6-C5681E42BC10}.Release|iPhoneSimulator.Build.0 = Release|Any CPU
		{526D57CE-8769-4A78-8B68-E5B224B2E516}.Ad-Hoc|iPhone.ActiveCfg = Release|Any CPU
		{526D57CE-8769-4A78-8B68-E5B224B2E516}.Ad-Hoc|iPhone.Build.0 = Release|Any CPU
		{526D57CE-8769-4A78-8B68-E5B224B2E516}.AppStore|iPhone.ActiveCfg = Release|Any CPU
		{526D57CE-8769-4A78-8B68-E5B224B2E516}.AppStore|iPhone.Build.0 = Release|Any CPU
		{526D57CE-8769-4A78-8B68-E5B224B2E516}.Debug|Any CPU.ActiveCfg = Debug|Any CPU
		{526D57CE-8769-4A78-8B68-E5B224B2E516}.Debug|Any CPU.Build.0 = Debug|Any CPU
		{526D57CE-8769-4A78-8B68-E5B224B2E516}.Debug|iPhone.ActiveCfg = Debug|Any CPU
		{526D57CE-8769-4A78-8B68-E5B224B2E516}.Debug|iPhone.Build.0 = Debug|Any CPU
		{526D57CE-8769-4A78-8B68-E5B224B2E516}.Debug|iPhoneSimulator.ActiveCfg = Debug|Any CPU
		{526D57CE-8769-4A78-8B68-E5B224B2E516}.Debug|iPhoneSimulator.Build.0 = Debug|Any CPU
		{526D57CE-8769-4A78-8B68-E5B224B2E516}.Release|Any CPU.ActiveCfg = Release|Any CPU
		{526D57CE-8769-4A78-8B68-E5B224B2E516}.Release|Any CPU.Build.0 = Release|Any CPU
		{526D57CE-8769-4A78-8B68-E5B224B2E516}.Release|iPhone.ActiveCfg = Release|Any CPU
		{526D57CE-8769-4A78-8B68-E5B224B2E516}.Release|iPhone.Build.0 = Release|Any CPU
		{526D57CE-8769-4A78-8B68-E5B224B2E516}.Release|iPhoneSimulator.ActiveCfg = Release|Any CPU
		{526D57CE-8769-4A78-8B68-E5B224B2E516}.Release|iPhoneSimulator.Build.0 = Release|Any CPU
	EndGlobalSection
EndGlobal
